
Microsoft Visual Studio Solution File, Format Version 12.00
# Visual Studio Version 16
VisualStudioVersion = 16.0.29905.134
MinimumVisualStudioVersion = 10.0.40219.1
Project("{FAE04EC0-301F-11D3-BF4B-00C04F79EFBC}") = "AwesomeApp.Android", "AwesomeApp\AwesomeApp.Android\AwesomeApp.Android.csproj", "{E240699E-8243-4285-B862-77BD40DDE4C0}"
EndProject
Project("{FAE04EC0-301F-11D3-BF4B-00C04F79EFBC}") = "AwesomeApp.iOS", "AwesomeApp\AwesomeApp.iOS\AwesomeApp.iOS.csproj", "{7FC3CDA7-05B1-47C9-A878-89AD1AA6F6AE}"
EndProject
Project("{FAE04EC0-301F-11D3-BF4B-00C04F79EFBC}") = "AwesomeApp", "AwesomeApp\AwesomeApp\AwesomeApp.csproj", "{F1B7039F-BE2E-405F-88C5-4BDB70310D3D}"
EndProject
Global
	GlobalSection(SolutionConfigurationPlatforms) = preSolution
		Debug|Any CPU = Debug|Any CPU
		Debug|iPhone = Debug|iPhone
		Debug|iPhoneSimulator = Debug|iPhoneSimulator
		Release|Any CPU = Release|Any CPU
		Release|iPhone = Release|iPhone
		Release|iPhoneSimulator = Release|iPhoneSimulator
	EndGlobalSection
	GlobalSection(ProjectConfigurationPlatforms) = postSolution
		{E240699E-8243-4285-B862-77BD40DDE4C0}.Debug|Any CPU.ActiveCfg = Debug|Any CPU
		{E240699E-8243-4285-B862-77BD40DDE4C0}.Debug|Any CPU.Build.0 = Debug|Any CPU
		{E240699E-8243-4285-B862-77BD40DDE4C0}.Debug|Any CPU.Deploy.0 = Debug|Any CPU
		{E240699E-8243-4285-B862-77BD40DDE4C0}.Debug|iPhone.ActiveCfg = Debug|Any CPU
		{E240699E-8243-4285-B862-77BD40DDE4C0}.Debug|iPhone.Build.0 = Debug|Any CPU
		{E240699E-8243-4285-B862-77BD40DDE4C0}.Debug|iPhone.Deploy.0 = Debug|Any CPU
		{E240699E-8243-4285-B862-77BD40DDE4C0}.Debug|iPhoneSimulator.ActiveCfg = Debug|Any CPU
		{E240699E-8243-4285-B862-77BD40DDE4C0}.Debug|iPhoneSimulator.Build.0 = Debug|Any CPU
		{E240699E-8243-4285-B862-77BD40DDE4C0}.Debug|iPhoneSimulator.Deploy.0 = Debug|Any CPU
		{E240699E-8243-4285-B862-77BD40DDE4C0}.Release|Any CPU.ActiveCfg = Release|Any CPU
		{E240699E-8243-4285-B862-77BD40DDE4C0}.Release|Any CPU.Build.0 = Release|Any CPU
		{E240699E-8243-4285-B862-77BD40DDE4C0}.Release|Any CPU.Deploy.0 = Release|Any CPU
		{E240699E-8243-4285-B862-77BD40DDE4C0}.Release|iPhone.ActiveCfg = Release|Any CPU
		{E240699E-8243-4285-B862-77BD40DDE4C0}.Release|iPhone.Build.0 = Release|Any CPU
		{E240699E-8243-4285-B862-77BD40DDE4C0}.Release|iPhone.Deploy.0 = Release|Any CPU
		{E240699E-8243-4285-B862-77BD40DDE4C0}.Release|iPhoneSimulator.ActiveCfg = Release|Any CPU
		{E240699E-8243-4285-B862-77BD40DDE4C0}.Release|iPhoneSimulator.Build.0 = Release|Any CPU
		{E240699E-8243-4285-B862-77BD40DDE4C0}.Release|iPhoneSimulator.Deploy.0 = Release|Any CPU
		{7FC3CDA7-05B1-47C9-A878-89AD1AA6F6AE}.Debug|Any CPU.ActiveCfg = Debug|iPhoneSimulator
		{7FC3CDA7-05B1-47C9-A878-89AD1AA6F6AE}.Debug|Any CPU.Build.0 = Debug|iPhoneSimulator
		{7FC3CDA7-05B1-47C9-A878-89AD1AA6F6AE}.Debug|Any CPU.Deploy.0 = Debug|iPhoneSimulator
		{7FC3CDA7-05B1-47C9-A878-89AD1AA6F6AE}.Debug|iPhone.ActiveCfg = Debug|iPhone
		{7FC3CDA7-05B1-47C9-A878-89AD1AA6F6AE}.Debug|iPhone.Build.0 = Debug|iPhone
		{7FC3CDA7-05B1-47C9-A878-89AD1AA6F6AE}.Debug|iPhone.Deploy.0 = Debug|iPhone
		{7FC3CDA7-05B1-47C9-A878-89AD1AA6F6AE}.Debug|iPhoneSimulator.ActiveCfg = Debug|iPhoneSimulator
		{7FC3CDA7-05B1-47C9-A878-89AD1AA6F6AE}.Debug|iPhoneSimulator.Build.0 = Debug|iPhoneSimulator
		{7FC3CDA7-05B1-47C9-A878-89AD1AA6F6AE}.Debug|iPhoneSimulator.Deploy.0 = Debug|iPhoneSimulator
		{7FC3CDA7-05B1-47C9-A878-89AD1AA6F6AE}.Release|Any CPU.ActiveCfg = Release|iPhone
		{7FC3CDA7-05B1-47C9-A878-89AD1AA6F6AE}.Release|Any CPU.Build.0 = Release|iPhone
		{7FC3CDA7-05B1-47C9-A878-89AD1AA6F6AE}.Release|Any CPU.Deploy.0 = Release|iPhone
		{7FC3CDA7-05B1-47C9-A878-89AD1AA6F6AE}.Release|iPhone.ActiveCfg = Release|iPhone
		{7FC3CDA7-05B1-47C9-A878-89AD1AA6F6AE}.Release|iPhone.Build.0 = Release|iPhone
		{7FC3CDA7-05B1-47C9-A878-89AD1AA6F6AE}.Release|iPhone.Deploy.0 = Release|iPhone
		{7FC3CDA7-05B1-47C9-A878-89AD1AA6F6AE}.Release|iPhoneSimulator.ActiveCfg = Release|iPhoneSimulator
		{7FC3CDA7-05B1-47C9-A878-89AD1AA6F6AE}.Release|iPhoneSimulator.Build.0 = Release|iPhoneSimulator
		{7FC3CDA7-05B1-47C9-A878-89AD1AA6F6AE}.Release|iPhoneSimulator.Deploy.0 = Release|iPhoneSimulator
		{F1B7039F-BE2E-405F-88C5-4BDB70310D3D}.Debug|Any CPU.ActiveCfg = Debug|Any CPU
		{F1B7039F-BE2E-405F-88C5-4BDB70310D3D}.Debug|Any CPU.Build.0 = Debug|Any CPU
		{F1B7039F-BE2E-405F-88C5-4BDB70310D3D}.Debug|Any CPU.Deploy.0 = Debug|Any CPU
		{F1B7039F-BE2E-405F-88C5-4BDB70310D3D}.Debug|iPhone.ActiveCfg = Debug|Any CPU
		{F1B7039F-BE2E-405F-88C5-4BDB70310D3D}.Debug|iPhone.Build.0 = Debug|Any CPU
		{F1B7039F-BE2E-405F-88C5-4BDB70310D3D}.Debug|iPhone.Deploy.0 = Debug|Any CPU
		{F1B7039F-BE2E-405F-88C5-4BDB70310D3D}.Debug|iPhoneSimulator.ActiveCfg = Debug|Any CPU
		{F1B7039F-BE2E-405F-88C5-4BDB70310D3D}.Debug|iPhoneSimulator.Build.0 = Debug|Any CPU
		{F1B7039F-BE2E-405F-88C5-4BDB70310D3D}.Debug|iPhoneSimulator.Deploy.0 = Debug|Any CPU
		{F1B7039F-BE2E-405F-88C5-4BDB70310D3D}.Release|Any CPU.ActiveCfg = Release|Any CPU
		{F1B7039F-BE2E-405F-88C5-4BDB70310D3D}.Release|Any CPU.Build.0 = Release|Any CPU
		{F1B7039F-BE2E-405F-88C5-4BDB70310D3D}.Release|Any CPU.Deploy.0 = Release|Any CPU
		{F1B7039F-BE2E-405F-88C5-4BDB70310D3D}.Release|iPhone.ActiveCfg = Release|Any CPU
		{F1B7039F-BE2E-405F-88C5-4BDB70310D3D}.Release|iPhone.Build.0 = Release|Any CPU
		{F1B7039F-BE2E-405F-88C5-4BDB70310D3D}.Release|iPhone.Deploy.0 = Release|Any CPU
		{F1B7039F-BE2E-405F-88C5-4BDB70310D3D}.Release|iPhoneSimulator.ActiveCfg = Release|Any CPU
		{F1B7039F-BE2E-405F-88C5-4BDB70310D3D}.Release|iPhoneSimulator.Build.0 = Release|Any CPU
		{F1B7039F-BE2E-405F-88C5-4BDB70310D3D}.Release|iPhoneSimulator.Deploy.0 = Release|Any CPU
	EndGlobalSection
	GlobalSection(SolutionProperties) = preSolution
		HideSolutionNode = FALSE
	EndGlobalSection
	GlobalSection(ExtensibilityGlobals) = postSolution
		SolutionGuid = {9287AB5D-2CE1-4768-AF4C-92B156D5232C}
	EndGlobalSection
EndGlobal
